
Microsoft Visual Studio Solution File, Format Version 12.00
# Visual Studio Version 16
VisualStudioVersion = 16.0.30621.155
MinimumVisualStudioVersion = 10.0.40219.1
Project("{FAE04EC0-301F-11D3-BF4B-00C04F79EFBC}") = "kekproject", "kekproject.csproj", "{11491FDC-46B4-40E2-AE8E-0115B30B6808}"
EndProject
Global
	GlobalSection(SolutionConfigurationPlatforms) = preSolution
		Debug|Any CPU = Debug|Any CPU
		Release|Any CPU = Release|Any CPU
	EndGlobalSection
	GlobalSection(ProjectConfigurationPlatforms) = postSolution
		{11491FDC-46B4-40E2-AE8E-0115B30B6808}.Debug|Any CPU.ActiveCfg = Debug|Any CPU
		{11491FDC-46B4-40E2-AE8E-0115B30B6808}.Debug|Any CPU.Build.0 = Debug|Any CPU
		{11491FDC-46B4-40E2-AE8E-0115B30B6808}.Release|Any CPU.ActiveCfg = Release|Any CPU
		{11491FDC-46B4-40E2-AE8E-0115B30B6808}.Release|Any CPU.Build.0 = Release|Any CPU
	EndGlobalSection
	GlobalSection(SolutionProperties) = preSolution
		HideSolutionNode = FALSE
	EndGlobalSection
	GlobalSection(ExtensibilityGlobals) = postSolution
		SolutionGuid = {C4A2FD8D-210A-457A-B830-735DF0ED61CD}
	EndGlobalSection
EndGlobal
